
Microsoft Visual Studio Solution File, Format Version 12.00
# Visual Studio Version 16
VisualStudioVersion = 16.0.30413.136
MinimumVisualStudioVersion = 10.0.40219.1
Project("{6EC3EE1D-3C4E-46DD-8F32-0CC8E7565705}") = "Recursion", "Recursion\Recursion.fsproj", "{71A871BA-972D-4BDB-8BD7-6C26A1CEDD2D}"
EndProject
Global
	GlobalSection(SolutionConfigurationPlatforms) = preSolution
		Debug|Any CPU = Debug|Any CPU
		Release|Any CPU = Release|Any CPU
	EndGlobalSection
	GlobalSection(ProjectConfigurationPlatforms) = postSolution
		{71A871BA-972D-4BDB-8BD7-6C26A1CEDD2D}.Debug|Any CPU.ActiveCfg = Debug|Any CPU
		{71A871BA-972D-4BDB-8BD7-6C26A1CEDD2D}.Debug|Any CPU.Build.0 = Debug|Any CPU
		{71A871BA-972D-4BDB-8BD7-6C26A1CEDD2D}.Release|Any CPU.ActiveCfg = Release|Any CPU
		{71A871BA-972D-4BDB-8BD7-6C26A1CEDD2D}.Release|Any CPU.Build.0 = Release|Any CPU
	EndGlobalSection
	GlobalSection(SolutionProperties) = preSolution
		HideSolutionNode = FALSE
	EndGlobalSection
	GlobalSection(ExtensibilityGlobals) = postSolution
		SolutionGuid = {4C1B6B41-BCED-4540-AF7B-1525BECF68D4}
	EndGlobalSection
EndGlobal
